# This file is autogenerated, do not edit; changes may be undone by the next 'dep ensure'.


[[projects]]
  digest = "1:f9ae348e1f793dcf9ed930ed47136a67343dbd6809c5c91391322267f4476892"
  name = "github.com/Microsoft/go-winio"
  packages = ["."]
  pruneopts = "UT"
  revision = "97e4973ce50b2ff5f09635a57e2b88a037aae829"
  version = "v0.4.11"

[[projects]]
  branch = "master"
  digest = "1:ed121120bafe4225e3f098b5da68494e696df449e8ea00c402f6e90c04dba998"
  name = "github.com/OneOfOne/xxhash"
  packages = ["."]
  pruneopts = "UT"
  revision = "74ace4fe5525ef62ce28d5093d6b0faaa6a575f3"

[[projects]]
  digest = "1:ffe9824d294da03b391f44e1ae8281281b4afc1bdaa9588c9097785e3af10cec"
  name = "github.com/davecgh/go-spew"
  packages = ["spew"]
  pruneopts = "UT"
  revision = "8991bc29aa16c548c550c7ff78260e27b9ab7c73"
  version = "v1.1.1"

[[projects]]
  digest = "1:5a900d94d96d41ea116d7e6c46717fdf330f35d8bdd116798e2bc0c319f66565"
  name = "github.com/docker/go-connections"
  packages = ["sockets"]
  pruneopts = "UT"
  revision = "7395e3f8aa162843a74ed6d48e79627d9792ac55"
  version = "v0.4.0"

[[projects]]
  branch = "master"
  digest = "1:326b3646f45752b2917058d66f5a6921cf72fdf820d57576a11c8fc062f8ad4f"
  name = "github.com/ghodss/yaml"
  packages = ["."]
  pruneopts = "UT"
  revision = "c7ce16629ff4cd059ed96ed06419dd3856fd3577"

[[projects]]
  digest = "1:9ae31ce33b4bab257668963e844d98765b44160be4ee98cafc44637a213e530d"
  name = "github.com/gobwas/glob"
  packages = [
    ".",
    "compiler",
    "match",
    "syntax",
    "syntax/ast",
    "syntax/lexer",
    "util/runes",
    "util/strings",
  ]
  pruneopts = "UT"
  revision = "5ccd90ef52e1e632236f7326478d4faa74f99438"
  version = "v0.2.3"

[[projects]]
  digest = "1:1dafdfd6b2d1103e1ef5c1c1255f395f3ceaceca327d3640d0f06039448bf85c"
  name = "github.com/h2non/filetype"
  packages = ["."]
  pruneopts = "UT"
  revision = "cc14fdc9ca0e4c2bafad7458f6ff79fd3947cfbb"
  version = "v1.0.5"

[[projects]]
  digest = "1:0a69a1c0db3591fcefb47f115b224592c8dfa4368b7ba9fae509d5e16cdc95c8"
  name = "github.com/konsorten/go-windows-terminal-sequences"
  packages = ["."]
  pruneopts = "UT"
  revision = "5c8c8bd35d3832f5d134ae1e1e375b69a4d25242"
  version = "v1.0.1"

[[projects]]
  digest = "1:1fd68ef578f8e76b9290672705c8e4a73088e68cf72a2841532ed4c34b3be6fa"
  name = "github.com/open-policy-agent/opa"
  packages = [
    "ast",
    "internal/compiler/wasm",
    "internal/compiler/wasm/opa",
    "internal/ir",
    "internal/leb128",
    "internal/planner",
    "internal/wasm/constant",
    "internal/wasm/encoding",
    "internal/wasm/instruction",
    "internal/wasm/module",
    "internal/wasm/opcode",
    "internal/wasm/types",
    "metrics",
    "rego",
    "storage",
    "storage/inmem",
    "topdown",
    "topdown/builtins",
    "topdown/copypropagation",
    "types",
    "util",
  ]
  pruneopts = "UT"
  revision = "6c39555de1feda5b3650397b9a752bc59621c7ac"
  version = "v0.10.1"

[[projects]]
  branch = "master"
  digest = "1:9f6281d8f50290ba740db82fe5be52877936e47928cd67285ab31b490c202247"
  name = "github.com/pkg/errors"
  packages = ["."]
  pruneopts = "UT"
  revision = "059132a15dd08d6704c67711dae0cf35ab991756"

[[projects]]
  digest = "1:0028cb19b2e4c3112225cd871870f2d9cf49b9b4276531f03438a88e94be86fe"
  name = "github.com/pmezard/go-difflib"
  packages = ["difflib"]
  pruneopts = "UT"
  revision = "792786c7400a136282c1664665ae0a8db921c6c2"
  version = "v1.0.0"

[[projects]]
  branch = "master"
  digest = "1:d38f81081a389f1466ec98192cf9115a82158854d6f01e1c23e2e7554b97db71"
  name = "github.com/rcrowley/go-metrics"
  packages = ["."]
  pruneopts = "UT"
  revision = "3113b8401b8a98917cde58f8bbd42a1b1c03b1fd"

[[projects]]
  digest = "1:69b1cc331fca23d702bd72f860c6a647afd0aa9fcbc1d0659b1365e26546dd70"
  name = "github.com/sirupsen/logrus"
  packages = ["."]
  pruneopts = "UT"
  revision = "bcd833dfe83d3cebad139e4a29ed79cb2318bf95"
  version = "v1.2.0"

[[projects]]
  digest = "1:972c2427413d41a1e06ca4897e8528e5a1622894050e2f527b38ddf0f343f759"
  name = "github.com/stretchr/testify"
  packages = ["assert"]
  pruneopts = "UT"
  revision = "ffdc059bfe9ce6a4e144ba849dbedead332c6053"
  version = "v1.3.0"

[[projects]]
  branch = "master"
  digest = "1:0dfba983988bcd90e6dd30b9bfdb9685ff530dbf61db3706e55372e975b1d8bc"
  name = "github.com/xi2/xz"
  packages = ["."]
  pruneopts = "UT"
  revision = "48954b6210f8d154cb5f8484d3a3e1f83489309e"

[[projects]]
  branch = "master"
  digest = "1:bc2a31092538ed0bdfe9c5c784d6caca3ea5236b690371698826753d2ffa6beb"
  name = "github.com/yashtewari/glob-intersection"
  packages = ["."]
  pruneopts = "UT"
  revision = "5c77d914dd0ba7bedca923f97232d37137e038f3"

[[projects]]
  branch = "master"
  digest = "1:3f3a05ae0b95893d90b9b3b5afdb79a9b3d96e4e36e099d841ae602e4aca0da8"
  name = "golang.org/x/crypto"
  packages = ["ssh/terminal"]
  pruneopts = "UT"
  revision = "3d3f9f413869b949e48070b5bc593aa22cc2b8f2"

[[projects]]
  branch = "master"
  digest = "1:454c8e6f500af83a7d01f5848407f7de7ba17015bbf3b29e67a2b66719b764be"
  name = "golang.org/x/net"
  packages = [
    "context/ctxhttp",
    "internal/socks",
    "proxy",
  ]
  pruneopts = "UT"
  revision = "610586996380ceef02dd726cc09df7e00a3f8e56"

[[projects]]
  branch = "master"
  digest = "1:f343f077a5b0bc3a3788b3a04e24dd417e3e25b2acb529c413e212d2c42416ef"
  name = "golang.org/x/sys"
  packages = [
    "unix",
    "windows",
  ]
  pruneopts = "UT"
  revision = "62eef0e2fa9b2c385f7b2778e763486da6880d37"

[[projects]]
  digest = "1:1b9d6106326573c0212b29c1796f128271278474ed629055645ace928faaea67"
  name = "gopkg.in/h2non/filetype.v1"
  packages = [
    "matchers",
    "types",
  ]
  pruneopts = "UT"
  revision = "cc14fdc9ca0e4c2bafad7458f6ff79fd3947cfbb"
  version = "v1.0.5"

[[projects]]
  digest = "1:342378ac4dcb378a5448dd723f0784ae519383532f5e70ade24132c4c8693202"
  name = "gopkg.in/yaml.v2"
  packages = ["."]
  pruneopts = "UT"
  revision = "5420a8b6744d3b0345ab293f6fcba19c978f1183"
  version = "v2.2.1"

[solve-meta]
  analyzer-name = "dep"
  analyzer-version = 1
  input-imports = [
    "github.com/docker/go-connections/sockets",
    "github.com/h2non/filetype",
    "github.com/open-policy-agent/opa/rego",
    "github.com/pkg/errors",
    "github.com/sirupsen/logrus",
    "github.com/stretchr/testify/assert",
    "github.com/xi2/xz",
    "golang.org/x/net/context/ctxhttp",
    "gopkg.in/h2non/filetype.v1/matchers",
  ]
  solver-name = "gps-cdcl"
  solver-version = 1
